PODS:
  - Flutter (1.0.0)
  - flutter_voice_processor (1.0.0):
    - Flutter
  - video_player (0.0.1):
    - Flutter

DEPENDENCIES:
  - Flutter (from `Flutter`)
  - flutter_voice_processor (from `.symlinks/plugins/flutter_voice_processor/ios`)
  - video_player (from `.symlinks/plugins/video_player/ios`)

EXTERNAL SOURCES:
  Flutter:
    :path: Flutter
  flutter_voice_processor:
    :path: ".symlinks/plugins/flutter_voice_processor/ios"
  video_player:
    :path: ".symlinks/plugins/video_player/ios"

SPEC CHECKSUMS:
  Flutter: 0e3d915762c693b495b44d77113d4970485de6ec
  flutter_voice_processor: f563048750dd0dcdca5aac253fa57e86f83a6e54
  video_player: 9cc823b1d9da7e8427ee591e8438bfbcde500e6e

PODFILE CHECKSUM: aafe91acc616949ddb318b77800a7f51bffa2a4c

COCOAPODS: 1.10.1
